
Microsoft Visual Studio Solution File, Format Version 12.00
# Visual Studio Version 17
VisualStudioVersion = 17.5.33502.453
MinimumVisualStudioVersion = 10.0.40219.1
Project("{FAE04EC0-301F-11D3-BF4B-00C04F79EFBC}") = "DelegateRam", "DelegateRam.csproj", "{35B8CA9F-50E2-47B3-81FF-5BDB456FEEA0}"
EndProject
Global
	GlobalSection(SolutionConfigurationPlatforms) = preSolution
		Debug|Any CPU = Debug|Any CPU
		Release|Any CPU = Release|Any CPU
	EndGlobalSection
	GlobalSection(ProjectConfigurationPlatforms) = postSolution
		{35B8CA9F-50E2-47B3-81FF-5BDB456FEEA0}.Debug|Any CPU.ActiveCfg = Debug|Any CPU
		{35B8CA9F-50E2-47B3-81FF-5BDB456FEEA0}.Debug|Any CPU.Build.0 = Debug|Any CPU
		{35B8CA9F-50E2-47B3-81FF-5BDB456FEEA0}.Release|Any CPU.ActiveCfg = Release|Any CPU
		{35B8CA9F-50E2-47B3-81FF-5BDB456FEEA0}.Release|Any CPU.Build.0 = Release|Any CPU
	EndGlobalSection
	GlobalSection(SolutionProperties) = preSolution
		HideSolutionNode = FALSE
	EndGlobalSection
	GlobalSection(ExtensibilityGlobals) = postSolution
		SolutionGuid = {2AAEDA42-EEC5-4122-9992-68050A5C3E36}
	EndGlobalSection
EndGlobal
