
Microsoft Visual Studio Solution File, Format Version 12.00
# Visual Studio Version 17
VisualStudioVersion = 17.5.33502.453
MinimumVisualStudioVersion = 10.0.40219.1
Project("{FAE04EC0-301F-11D3-BF4B-00C04F79EFBC}") = "assgin", "assgin.csproj", "{87F15A87-4DB9-4AF9-AC1C-E58A6200328A}"
EndProject
Global
	GlobalSection(SolutionConfigurationPlatforms) = preSolution
		Debug|Any CPU = Debug|Any CPU
		Release|Any CPU = Release|Any CPU
	EndGlobalSection
	GlobalSection(ProjectConfigurationPlatforms) = postSolution
		{87F15A87-4DB9-4AF9-AC1C-E58A6200328A}.Debug|Any CPU.ActiveCfg = Debug|Any CPU
		{87F15A87-4DB9-4AF9-AC1C-E58A6200328A}.Debug|Any CPU.Build.0 = Debug|Any CPU
		{87F15A87-4DB9-4AF9-AC1C-E58A6200328A}.Release|Any CPU.ActiveCfg = Release|Any CPU
		{87F15A87-4DB9-4AF9-AC1C-E58A6200328A}.Release|Any CPU.Build.0 = Release|Any CPU
	EndGlobalSection
	GlobalSection(SolutionProperties) = preSolution
		HideSolutionNode = FALSE
	EndGlobalSection
	GlobalSection(ExtensibilityGlobals) = postSolution
		SolutionGuid = {9344E8E8-9341-4806-8E9F-2E2D4AEA41D0}
	EndGlobalSection
EndGlobal
