
Microsoft Visual Studio Solution File, Format Version 12.00
# Visual Studio Version 17
VisualStudioVersion = 17.5.33502.453
MinimumVisualStudioVersion = 10.0.40219.1
Project("{FAE04EC0-301F-11D3-BF4B-00C04F79EFBC}") = "D0514", "D0514.csproj", "{2A864637-5175-4595-8C9A-A76EB125A8C0}"
EndProject
Global
	GlobalSection(SolutionConfigurationPlatforms) = preSolution
		Debug|Any CPU = Debug|Any CPU
		Release|Any CPU = Release|Any CPU
	EndGlobalSection
	GlobalSection(ProjectConfigurationPlatforms) = postSolution
		{2A864637-5175-4595-8C9A-A76EB125A8C0}.Debug|Any CPU.ActiveCfg = Debug|Any CPU
		{2A864637-5175-4595-8C9A-A76EB125A8C0}.Debug|Any CPU.Build.0 = Debug|Any CPU
		{2A864637-5175-4595-8C9A-A76EB125A8C0}.Release|Any CPU.ActiveCfg = Release|Any CPU
		{2A864637-5175-4595-8C9A-A76EB125A8C0}.Release|Any CPU.Build.0 = Release|Any CPU
	EndGlobalSection
	GlobalSection(SolutionProperties) = preSolution
		HideSolutionNode = FALSE
	EndGlobalSection
	GlobalSection(ExtensibilityGlobals) = postSolution
		SolutionGuid = {FCD0B7A2-014B-4329-A94C-6CC7D3B9909F}
	EndGlobalSection
EndGlobal
